// !$*UTF8*$!
{
	archiveVersion = 1;
	classes = {
	};
	objectVersion = 55;
	objects = {

/* Begin PBXBuildFile section */
		7D07463429D19A6C009134B8 /* EndPoint.swift in Sources */ = {isa = PBXBuildFile; fileRef = 7D07463329D19A6C009134B8 /* EndPoint.swift */; };
		7D07463C29D2E54A009134B8 /* UserListViewModelTests.swift in Sources */ = {isa = PBXBuildFile; fileRef = 7D07463B29D2E54A009134B8 /* UserListViewModelTests.swift */; };
		7D07464329D44749009134B8 /* UserInfoPageViewModelTests.swift in Sources */ = {isa = PBXBuildFile; fileRef = 7D07464229D44749009134B8 /* UserInfoPageViewModelTests.swift */; };
		7D07464629D451AE009134B8 /* UserListRepository.swift in Sources */ = {isa = PBXBuildFile; fileRef = 7D07464529D451AE009134B8 /* UserListRepository.swift */; };
		7D07464929D48348009134B8 /* MockUserListRepository.swift in Sources */ = {isa = PBXBuildFile; fileRef = 7D07464729D47D66009134B8 /* MockUserListRepository.swift */; };
		7D20FFE029D58F2E00CA73A5 /* UserInfoRepository.swift in Sources */ = {isa = PBXBuildFile; fileRef = 7D20FFDF29D58F2E00CA73A5 /* UserInfoRepository.swift */; };
		7D20FFE229D5970300CA73A5 /* MockUserInfoRepository.swift in Sources */ = {isa = PBXBuildFile; fileRef = 7D20FFE129D5970300CA73A5 /* MockUserInfoRepository.swift */; };
		7DB0FBD129CDE9010082969F /* AppDelegate.swift in Sources */ = {isa = PBXBuildFile; fileRef = 7DB0FBD029CDE9010082969F /* AppDelegate.swift */; };
		7DB0FBD329CDE9010082969F /* SceneDelegate.swift in Sources */ = {isa = PBXBuildFile; fileRef = 7DB0FBD229CDE9010082969F /* SceneDelegate.swift */; };
		7DB0FBD529CDE9010082969F /* UserListViewController.swift in Sources */ = {isa = PBXBuildFile; fileRef = 7DB0FBD429CDE9010082969F /* UserListViewController.swift */; };
		7DB0FBDA29CDE9040082969F /* Assets.xcassets in Resources */ = {isa = PBXBuildFile; fileRef = 7DB0FBD929CDE9040082969F /* Assets.xcassets */; };
		7DB0FBDD29CDE9040082969F /* LaunchScreen.storyboard in Resources */ = {isa = PBXBuildFile; fileRef = 7DB0FBDB29CDE9040082969F /* LaunchScreen.storyboard */; };
		7DB0FBE729CDF80F0082969F /* Observable.swift in Sources */ = {isa = PBXBuildFile; fileRef = 7DB0FBE629CDF80F0082969F /* Observable.swift */; };
		7DB0FBEA29CE3ECB0082969F /* UserTableViewCell.swift in Sources */ = {isa = PBXBuildFile; fileRef = 7DB0FBE929CE3ECB0082969F /* UserTableViewCell.swift */; };
		7DB0FBED29CE44030082969F /* SnapKit in Frameworks */ = {isa = PBXBuildFile; productRef = 7DB0FBEC29CE44030082969F /* SnapKit */; };
		7DB0FBF029CE4BE40082969F /* UIColor.swift in Sources */ = {isa = PBXBuildFile; fileRef = 7DB0FBEF29CE4BE40082969F /* UIColor.swift */; };
		7DB0FBF329CE51FE0082969F /* UserListViewModel.swift in Sources */ = {isa = PBXBuildFile; fileRef = 7DB0FBF229CE51FE0082969F /* UserListViewModel.swift */; };
		7DB0FBF629CE52C40082969F /* UserDataModel.swift in Sources */ = {isa = PBXBuildFile; fileRef = 7DB0FBF529CE52C40082969F /* UserDataModel.swift */; };
		7DB0FBF829CE62600082969F /* UserVIewModel.swift in Sources */ = {isa = PBXBuildFile; fileRef = 7DB0FBF729CE62600082969F /* UserVIewModel.swift */; };
		7DB0FBFB29CF177D0082969F /* Kingfisher in Frameworks */ = {isa = PBXBuildFile; productRef = 7DB0FBFA29CF177D0082969F /* Kingfisher */; };
		7DB0FBFE29CF27210082969F /* UserInfoPageViewController.swift in Sources */ = {isa = PBXBuildFile; fileRef = 7DB0FBFD29CF27200082969F /* UserInfoPageViewController.swift */; };
		7DB0FC0029CFBC0B0082969F /* UserInfoDataModel.swift in Sources */ = {isa = PBXBuildFile; fileRef = 7DB0FBFF29CFBC0A0082969F /* UserInfoDataModel.swift */; };
		7DB0FC0229D088B80082969F /* UserInfo.swift in Sources */ = {isa = PBXBuildFile; fileRef = 7DB0FC0129D088B80082969F /* UserInfo.swift */; };
		7DB0FC0429D0915F0082969F /* UserInfoPageViewModel.swift in Sources */ = {isa = PBXBuildFile; fileRef = 7DB0FC0329D0915F0082969F /* UserInfoPageViewModel.swift */; };
		7DB0FC0729D0E50C0082969F /* ChangeNameAlert.swift in Sources */ = {isa = PBXBuildFile; fileRef = 7DB0FC0629D0E50C0082969F /* ChangeNameAlert.swift */; };
/* End PBXBuildFile section */

/* Begin PBXContainerItemProxy section */
		7D07463D29D2E54A009134B8 /* PBXContainerItemProxy */ = {
			isa = PBXContainerItemProxy;
			containerPortal = 7DB0FBC529CDE9010082969F /* Project object */;
			proxyType = 1;
			remoteGlobalIDString = 7DB0FBCC29CDE9010082969F;
			remoteInfo = UserListGitHub;
		};
/* End PBXContainerItemProxy section */

/* Begin PBXFileReference section */
		7D07463329D19A6C009134B8 /* EndPoint.swift */ = {isa = PBXFileReference; lastKnownFileType = sourcecode.swift; path = EndPoint.swift; sourceTree = "<group>"; };
		7D07463929D2E54A009134B8 /* UserListViewModelTests.xctest */ = {isa = PBXFileReference; explicitFileType = wrapper.cfbundle; includeInIndex = 0; path = UserListViewModelTests.xctest; sourceTree = BUILT_PRODUCTS_DIR; };
		7D07463B29D2E54A009134B8 /* UserListViewModelTests.swift */ = {isa = PBXFileReference; lastKnownFileType = sourcecode.swift; path = UserListViewModelTests.swift; sourceTree = "<group>"; };
		7D07464229D44749009134B8 /* UserInfoPageViewModelTests.swift */ = {isa = PBXFileReference; lastKnownFileType = sourcecode.swift; path = UserInfoPageViewModelTests.swift; sourceTree = "<group>"; };
		7D07464529D451AE009134B8 /* UserListRepository.swift */ = {isa = PBXFileReference; lastKnownFileType = sourcecode.swift; path = UserListRepository.swift; sourceTree = "<group>"; };
		7D07464729D47D66009134B8 /* MockUserListRepository.swift */ = {isa = PBXFileReference; lastKnownFileType = sourcecode.swift; path = MockUserListRepository.swift; sourceTree = "<group>"; };
		7D20FFDF29D58F2E00CA73A5 /* UserInfoRepository.swift */ = {isa = PBXFileReference; lastKnownFileType = sourcecode.swift; path = UserInfoRepository.swift; sourceTree = "<group>"; };
		7D20FFE129D5970300CA73A5 /* MockUserInfoRepository.swift */ = {isa = PBXFileReference; lastKnownFileType = sourcecode.swift; path = MockUserInfoRepository.swift; sourceTree = "<group>"; };
		7DB0FBCD29CDE9010082969F /* UserListGitHub.app */ = {isa = PBXFileReference; explicitFileType = wrapper.application; includeInIndex = 0; path = UserListGitHub.app; sourceTree = BUILT_PRODUCTS_DIR; };
		7DB0FBD029CDE9010082969F /* AppDelegate.swift */ = {isa = PBXFileReference; lastKnownFileType = sourcecode.swift; path = AppDelegate.swift; sourceTree = "<group>"; };
		7DB0FBD229CDE9010082969F /* SceneDelegate.swift */ = {isa = PBXFileReference; lastKnownFileType = sourcecode.swift; path = SceneDelegate.swift; sourceTree = "<group>"; };
		7DB0FBD429CDE9010082969F /* UserListViewController.swift */ = {isa = PBXFileReference; lastKnownFileType = sourcecode.swift; path = UserListViewController.swift; sourceTree = "<group>"; };
		7DB0FBD929CDE9040082969F /* Assets.xcassets */ = {isa = PBXFileReference; lastKnownFileType = folder.assetcatalog; path = Assets.xcassets; sourceTree = "<group>"; };
		7DB0FBDC29CDE9040082969F /* Base */ = {isa = PBXFileReference; lastKnownFileType = file.storyboard; name = Base; path = Base.lproj/LaunchScreen.storyboard; sourceTree = "<group>"; };
		7DB0FBDE29CDE9040082969F /* Info.plist */ = {isa = PBXFileReference; lastKnownFileType = text.plist.xml; path = Info.plist; sourceTree = "<group>"; };
		7DB0FBE629CDF80F0082969F /* Observable.swift */ = {isa = PBXFileReference; lastKnownFileType = sourcecode.swift; path = Observable.swift; sourceTree = "<group>"; };
		7DB0FBE929CE3ECB0082969F /* UserTableViewCell.swift */ = {isa = PBXFileReference; lastKnownFileType = sourcecode.swift; path = UserTableViewCell.swift; sourceTree = "<group>"; };
		7DB0FBEF29CE4BE40082969F /* UIColor.swift */ = {isa = PBXFileReference; lastKnownFileType = sourcecode.swift; path = UIColor.swift; sourceTree = "<group>"; };
		7DB0FBF229CE51FE0082969F /* UserListViewModel.swift */ = {isa = PBXFileReference; lastKnownFileType = sourcecode.swift; path = UserListViewModel.swift; sourceTree = "<group>"; };
		7DB0FBF529CE52C40082969F /* UserDataModel.swift */ = {isa = PBXFileReference; lastKnownFileType = sourcecode.swift; path = UserDataModel.swift; sourceTree = "<group>"; };
		7DB0FBF729CE62600082969F /* UserVIewModel.swift */ = {isa = PBXFileReference; lastKnownFileType = sourcecode.swift; path = UserVIewModel.swift; sourceTree = "<group>"; };
		7DB0FBFD29CF27200082969F /* UserInfoPageViewController.swift */ = {isa = PBXFileReference; lastKnownFileType = sourcecode.swift; path = UserInfoPageViewController.swift; sourceTree = "<group>"; };
		7DB0FBFF29CFBC0A0082969F /* UserInfoDataModel.swift */ = {isa = PBXFileReference; lastKnownFileType = sourcecode.swift; path = UserInfoDataModel.swift; sourceTree = "<group>"; };
		7DB0FC0129D088B80082969F /* UserInfo.swift */ = {isa = PBXFileReference; lastKnownFileType = sourcecode.swift; path = UserInfo.swift; sourceTree = "<group>"; };
		7DB0FC0329D0915F0082969F /* UserInfoPageViewModel.swift */ = {isa = PBXFileReference; lastKnownFileType = sourcecode.swift; path = UserInfoPageViewModel.swift; sourceTree = "<group>"; };
		7DB0FC0629D0E50C0082969F /* ChangeNameAlert.swift */ = {isa = PBXFileReference; lastKnownFileType = sourcecode.swift; path = ChangeNameAlert.swift; sourceTree = "<group>"; };
/* End PBXFileReference section */

/* Begin PBXFrameworksBuildPhase section */
		7D07463629D2E54A009134B8 /* Frameworks */ = {
			isa = PBXFrameworksBuildPhase;
			buildActionMask = 2147483647;
			files = (
			);
			runOnlyForDeploymentPostprocessing = 0;
		};
		7DB0FBCA29CDE9010082969F /* Frameworks */ = {
			isa = PBXFrameworksBuildPhase;
			buildActionMask = 2147483647;
			files = (
				7DB0FBFB29CF177D0082969F /* Kingfisher in Frameworks */,
				7DB0FBED29CE44030082969F /* SnapKit in Frameworks */,
			);
			runOnlyForDeploymentPostprocessing = 0;
		};
/* End PBXFrameworksBuildPhase section */

/* Begin PBXGroup section */
		7D07463129D199FB009134B8 /* Infrastructure */ = {
			isa = PBXGroup;
			children = (
				7D07463329D19A6C009134B8 /* EndPoint.swift */,
			);
			path = Infrastructure;
			sourceTree = "<group>";
		};
		7D07463A29D2E54A009134B8 /* UserListGitHubUnitTests */ = {
			isa = PBXGroup;
			children = (
				7D07463B29D2E54A009134B8 /* UserListViewModelTests.swift */,
				7D07464229D44749009134B8 /* UserInfoPageViewModelTests.swift */,
				7D07464729D47D66009134B8 /* MockUserListRepository.swift */,
				7D20FFE129D5970300CA73A5 /* MockUserInfoRepository.swift */,
			);
			path = UserListGitHubUnitTests;
			sourceTree = "<group>";
		};
		7D07464429D45182009134B8 /* Repository */ = {
			isa = PBXGroup;
			children = (
				7D07464529D451AE009134B8 /* UserListRepository.swift */,
				7D20FFDF29D58F2E00CA73A5 /* UserInfoRepository.swift */,
			);
			path = Repository;
			sourceTree = "<group>";
		};
		7DB0FBC429CDE9010082969F = {
			isa = PBXGroup;
			children = (
				7DB0FBCF29CDE9010082969F /* UserListGitHub */,
				7D07463A29D2E54A009134B8 /* UserListGitHubUnitTests */,
				7DB0FBCE29CDE9010082969F /* Products */,
			);
			sourceTree = "<group>";
		};
		7DB0FBCE29CDE9010082969F /* Products */ = {
			isa = PBXGroup;
			children = (
				7DB0FBCD29CDE9010082969F /* UserListGitHub.app */,
				7D07463929D2E54A009134B8 /* UserListViewModelTests.xctest */,
			);
			name = Products;
			sourceTree = "<group>";
		};
		7DB0FBCF29CDE9010082969F /* UserListGitHub */ = {
			isa = PBXGroup;
			children = (
				7D07464429D45182009134B8 /* Repository */,
				7D07463129D199FB009134B8 /* Infrastructure */,
				7DB0FC0529D0E4D80082969F /* UIView */,
				7DB0FBFC29CF26EE0082969F /* ViewController */,
				7DB0FBF429CE52B40082969F /* Model */,
				7DB0FBF129CE51DE0082969F /* ViewModel */,
				7DB0FBE829CE3E9F0082969F /* TableViewCell */,
				7DB0FBE529CDF7C40082969F /* Common  */,
				7DB0FBEE29CE4BCA0082969F /* Extension */,
				7DB0FBD029CDE9010082969F /* AppDelegate.swift */,
				7DB0FBD229CDE9010082969F /* SceneDelegate.swift */,
				7DB0FBD929CDE9040082969F /* Assets.xcassets */,
				7DB0FBDB29CDE9040082969F /* LaunchScreen.storyboard */,
				7DB0FBDE29CDE9040082969F /* Info.plist */,
			);
			path = UserListGitHub;
			sourceTree = "<group>";
		};
		7DB0FBE529CDF7C40082969F /* Common  */ = {
			isa = PBXGroup;
			children = (
				7DB0FBE629CDF80F0082969F /* Observable.swift */,
			);
			path = "Common ";
			sourceTree = "<group>";
		};
		7DB0FBE829CE3E9F0082969F /* TableViewCell */ = {
			isa = PBXGroup;
			children = (
				7DB0FBE929CE3ECB0082969F /* UserTableViewCell.swift */,
			);
			path = TableViewCell;
			sourceTree = "<group>";
		};
		7DB0FBEE29CE4BCA0082969F /* Extension */ = {
			isa = PBXGroup;
			children = (
				7DB0FBEF29CE4BE40082969F /* UIColor.swift */,
			);
			path = Extension;
			sourceTree = "<group>";
		};
		7DB0FBF129CE51DE0082969F /* ViewModel */ = {
			isa = PBXGroup;
			children = (
				7DB0FBF229CE51FE0082969F /* UserListViewModel.swift */,
				7DB0FBF729CE62600082969F /* UserVIewModel.swift */,
				7DB0FC0129D088B80082969F /* UserInfo.swift */,
				7DB0FC0329D0915F0082969F /* UserInfoPageViewModel.swift */,
			);
			path = ViewModel;
			sourceTree = "<group>";
		};
		7DB0FBF429CE52B40082969F /* Model */ = {
			isa = PBXGroup;
			children = (
				7DB0FBF529CE52C40082969F /* UserDataModel.swift */,
				7DB0FBFF29CFBC0A0082969F /* UserInfoDataModel.swift */,
			);
			path = Model;
			sourceTree = "<group>";
		};
		7DB0FBFC29CF26EE0082969F /* ViewController */ = {
			isa = PBXGroup;
			children = (
				7DB0FBD429CDE9010082969F /* UserListViewController.swift */,
				7DB0FBFD29CF27200082969F /* UserInfoPageViewController.swift */,
			);
			path = ViewController;
			sourceTree = "<group>";
		};
		7DB0FC0529D0E4D80082969F /* UIView */ = {
			isa = PBXGroup;
			children = (
				7DB0FC0629D0E50C0082969F /* ChangeNameAlert.swift */,
			);
			path = UIView;
			sourceTree = "<group>";
		};
/* End PBXGroup section */

/* Begin PBXNativeTarget section */
		7D07463829D2E54A009134B8 /* UserListViewModelTests */ = {
			isa = PBXNativeTarget;
			buildConfigurationList = 7D07463F29D2E54A009134B8 /* Build configuration list for PBXNativeTarget "UserListViewModelTests" */;
			buildPhases = (
				7D07463529D2E54A009134B8 /* Sources */,
				7D07463629D2E54A009134B8 /* Frameworks */,
				7D07463729D2E54A009134B8 /* Resources */,
			);
			buildRules = (
			);
			dependencies = (
				7D07463E29D2E54A009134B8 /* PBXTargetDependency */,
			);
			name = UserListViewModelTests;
			productName = UserListViewModelTests;
			productReference = 7D07463929D2E54A009134B8 /* UserListViewModelTests.xctest */;
			productType = "com.apple.product-type.bundle.unit-test";
		};
		7DB0FBCC29CDE9010082969F /* UserListGitHub */ = {
			isa = PBXNativeTarget;
			buildConfigurationList = 7DB0FBE129CDE9040082969F /* Build configuration list for PBXNativeTarget "UserListGitHub" */;
			buildPhases = (
				7DB0FBC929CDE9010082969F /* Sources */,
				7DB0FBCA29CDE9010082969F /* Frameworks */,
				7DB0FBCB29CDE9010082969F /* Resources */,
				7DB0FBE429CDEF220082969F /* Swift Lint */,
			);
			buildRules = (
			);
			dependencies = (
			);
			name = UserListGitHub;
			packageProductDependencies = (
				7DB0FBEC29CE44030082969F /* SnapKit */,
				7DB0FBFA29CF177D0082969F /* Kingfisher */,
			);
			productName = UserListGitHub;
			productReference = 7DB0FBCD29CDE9010082969F /* UserListGitHub.app */;
			productType = "com.apple.product-type.application";
		};
/* End PBXNativeTarget section */

/* Begin PBXProject section */
		7DB0FBC529CDE9010082969F /* Project object */ = {
			isa = PBXProject;
			attributes = {
				BuildIndependentTargetsInParallel = 1;
				LastSwiftUpdateCheck = 1320;
				LastUpgradeCheck = 1320;
				TargetAttributes = {
					7D07463829D2E54A009134B8 = {
						CreatedOnToolsVersion = 13.2.1;
						TestTargetID = 7DB0FBCC29CDE9010082969F;
					};
					7DB0FBCC29CDE9010082969F = {
						CreatedOnToolsVersion = 13.2.1;
					};
				};
			};
			buildConfigurationList = 7DB0FBC829CDE9010082969F /* Build configuration list for PBXProject "UserListGitHub" */;
			compatibilityVersion = "Xcode 13.0";
			developmentRegion = en;
			hasScannedForEncodings = 0;
			knownRegions = (
				en,
				Base,
			);
			mainGroup = 7DB0FBC429CDE9010082969F;
			packageReferences = (
				7DB0FBEB29CE44030082969F /* XCRemoteSwiftPackageReference "SnapKit" */,
				7DB0FBF929CF177D0082969F /* XCRemoteSwiftPackageReference "Kingfisher" */,
			);
			productRefGroup = 7DB0FBCE29CDE9010082969F /* Products */;
			projectDirPath = "";
			projectRoot = "";
			targets = (
				7DB0FBCC29CDE9010082969F /* UserListGitHub */,
				7D07463829D2E54A009134B8 /* UserListViewModelTests */,
			);
		};
/* End PBXProject section */

/* Begin PBXResourcesBuildPhase section */
		7D07463729D2E54A009134B8 /* Resources */ = {
			isa = PBXResourcesBuildPhase;
			buildActionMask = 2147483647;
			files = (
			);
			runOnlyForDeploymentPostprocessing = 0;
		};
		7DB0FBCB29CDE9010082969F /* Resources */ = {
			isa = PBXResourcesBuildPhase;
			buildActionMask = 2147483647;
			files = (
				7DB0FBDD29CDE9040082969F /* LaunchScreen.storyboard in Resources */,
				7DB0FBDA29CDE9040082969F /* Assets.xcassets in Resources */,
			);
			runOnlyForDeploymentPostprocessing = 0;
		};
/* End PBXResourcesBuildPhase section */

/* Begin PBXShellScriptBuildPhase section */
		7DB0FBE429CDEF220082969F /* Swift Lint */ = {
			isa = PBXShellScriptBuildPhase;
			alwaysOutOfDate = 1;
			buildActionMask = 2147483647;
			files = (
			);
			inputFileListPaths = (
			);
			inputPaths = (
			);
			name = "Swift Lint";
			outputFileListPaths = (
			);
			outputPaths = (
			);
			runOnlyForDeploymentPostprocessing = 0;
			shellPath = /bin/sh;
			shellScript = "# Type a script or drag a script file from your workspace to insert its path.\nexport PATH=\"$PATH:/opt/homebrew/bin\"\nif which swiftlint >/dev/null; then\n  swiftlint\nelse\n  echo \"warning: SwiftLint not installed, download from https://github.com/realm/SwiftLint\"\nfi\n";
		};
/* End PBXShellScriptBuildPhase section */

/* Begin PBXSourcesBuildPhase section */
		7D07463529D2E54A009134B8 /* Sources */ = {
			isa = PBXSourcesBuildPhase;
			buildActionMask = 2147483647;
			files = (
				7D20FFE229D5970300CA73A5 /* MockUserInfoRepository.swift in Sources */,
				7D07464929D48348009134B8 /* MockUserListRepository.swift in Sources */,
				7D07464329D44749009134B8 /* UserInfoPageViewModelTests.swift in Sources */,
				7D07463C29D2E54A009134B8 /* UserListViewModelTests.swift in Sources */,
			);
			runOnlyForDeploymentPostprocessing = 0;
		};
		7DB0FBC929CDE9010082969F /* Sources */ = {
			isa = PBXSourcesBuildPhase;
			buildActionMask = 2147483647;
			files = (
				7DB0FBE729CDF80F0082969F /* Observable.swift in Sources */,
				7DB0FC0429D0915F0082969F /* UserInfoPageViewModel.swift in Sources */,
				7DB0FBF029CE4BE40082969F /* UIColor.swift in Sources */,
				7DB0FBF329CE51FE0082969F /* UserListViewModel.swift in Sources */,
				7D20FFE029D58F2E00CA73A5 /* UserInfoRepository.swift in Sources */,
				7DB0FBF829CE62600082969F /* UserVIewModel.swift in Sources */,
				7DB0FBD529CDE9010082969F /* UserListViewController.swift in Sources */,
				7DB0FC0229D088B80082969F /* UserInfo.swift in Sources */,
				7DB0FBF629CE52C40082969F /* UserDataModel.swift in Sources */,
				7DB0FBD129CDE9010082969F /* AppDelegate.swift in Sources */,
				7DB0FBFE29CF27210082969F /* UserInfoPageViewController.swift in Sources */,
				7DB0FBD329CDE9010082969F /* SceneDelegate.swift in Sources */,
				7DB0FC0729D0E50C0082969F /* ChangeNameAlert.swift in Sources */,
				7D07463429D19A6C009134B8 /* EndPoint.swift in Sources */,
				7DB0FC0029CFBC0B0082969F /* UserInfoDataModel.swift in Sources */,
				7D07464629D451AE009134B8 /* UserListRepository.swift in Sources */,
				7DB0FBEA29CE3ECB0082969F /* UserTableViewCell.swift in Sources */,
			);
			runOnlyForDeploymentPostprocessing = 0;
		};
/* End PBXSourcesBuildPhase section */

/* Begin PBXTargetDependency section */
		7D07463E29D2E54A009134B8 /* PBXTargetDependency */ = {
			isa = PBXTargetDependency;
			target = 7DB0FBCC29CDE9010082969F /* UserListGitHub */;
			targetProxy = 7D07463D29D2E54A009134B8 /* PBXContainerItemProxy */;
		};
/* End PBXTargetDependency section */

/* Begin PBXVariantGroup section */
		7DB0FBDB29CDE9040082969F /* LaunchScreen.storyboard */ = {
			isa = PBXVariantGroup;
			children = (
				7DB0FBDC29CDE9040082969F /* Base */,
			);
			name = LaunchScreen.storyboard;
			sourceTree = "<group>";
		};
/* End PBXVariantGroup section */

/* Begin XCBuildConfiguration section */
		7D07464029D2E54A009134B8 /* Debug */ = {
			isa = XCBuildConfiguration;
			buildSettings = {
				BUNDLE_LOADER = "$(TEST_HOST)";
				CODE_SIGN_STYLE = Automatic;
				CURRENT_PROJECT_VERSION = 1;
				DEVELOPMENT_TEAM = 3CCWF8D47P;
				GENERATE_INFOPLIST_FILE = YES;
				IPHONEOS_DEPLOYMENT_TARGET = 13.0;
				MARKETING_VERSION = 1.0;
				PRODUCT_BUNDLE_IDENTIFIER = com.Boy.UserListViewModelTests;
				PRODUCT_NAME = "$(TARGET_NAME)";
				SWIFT_EMIT_LOC_STRINGS = NO;
				SWIFT_VERSION = 5.0;
				TARGETED_DEVICE_FAMILY = "1,2";
				TEST_HOST = "$(BUILT_PRODUCTS_DIR)/UserListGitHub.app/UserListGitHub";
			};
			name = Debug;
		};
		7D07464129D2E54A009134B8 /* Release */ = {
			isa = XCBuildConfiguration;
			buildSettings = {
				BUNDLE_LOADER = "$(TEST_HOST)";
				CODE_SIGN_STYLE = Automatic;
				CURRENT_PROJECT_VERSION = 1;
				DEVELOPMENT_TEAM = 3CCWF8D47P;
				GENERATE_INFOPLIST_FILE = YES;
				IPHONEOS_DEPLOYMENT_TARGET = 13.0;
				MARKETING_VERSION = 1.0;
				PRODUCT_BUNDLE_IDENTIFIER = com.Boy.UserListViewModelTests;
				PRODUCT_NAME = "$(TARGET_NAME)";
				SWIFT_EMIT_LOC_STRINGS = NO;
				SWIFT_VERSION = 5.0;
				TARGETED_DEVICE_FAMILY = "1,2";
				TEST_HOST = "$(BUILT_PRODUCTS_DIR)/UserListGitHub.app/UserListGitHub";
			};
			name = Release;
		};
		7DB0FBDF29CDE9040082969F /* Debug */ = {
			isa = XCBuildConfiguration;
			buildSettings = {
				ALWAYS_SEARCH_USER_PATHS = NO;
				CLANG_ANALYZER_NONNULL = YES;
				CLANG_ANALYZER_NUMBER_OBJECT_CONVERSION = YES_AGGRESSIVE;
				CLANG_CXX_LANGUAGE_STANDARD = "gnu++17";
				CLANG_CXX_LIBRARY = "libc++";
				CLANG_ENABLE_MODULES = YES;
				CLANG_ENABLE_OBJC_ARC = YES;
				CLANG_ENABLE_OBJC_WEAK = YES;
				CLANG_WARN_BLOCK_CAPTURE_AUTORELEASING = YES;
				CLANG_WARN_BOOL_CONVERSION = YES;
				CLANG_WARN_COMMA = YES;
				CLANG_WARN_CONSTANT_CONVERSION = YES;
				CLANG_WARN_DEPRECATED_OBJC_IMPLEMENTATIONS = YES;
				CLANG_WARN_DIRECT_OBJC_ISA_USAGE = YES_ERROR;
				CLANG_WARN_DOCUMENTATION_COMMENTS = YES;
				CLANG_WARN_EMPTY_BODY = YES;
				CLANG_WARN_ENUM_CONVERSION = YES;
				CLANG_WARN_INFINITE_RECURSION = YES;
				CLANG_WARN_INT_CONVERSION = YES;
				CLANG_WARN_NON_LITERAL_NULL_CONVERSION = YES;
				CLANG_WARN_OBJC_IMPLICIT_RETAIN_SELF = YES;
				CLANG_WARN_OBJC_LITERAL_CONVERSION = YES;
				CLANG_WARN_OBJC_ROOT_CLASS = YES_ERROR;
				CLANG_WARN_QUOTED_INCLUDE_IN_FRAMEWORK_HEADER = YES;
				CLANG_WARN_RANGE_LOOP_ANALYSIS = YES;
				CLANG_WARN_STRICT_PROTOTYPES = YES;
				CLANG_WARN_SUSPICIOUS_MOVE = YES;
				CLANG_WARN_UNGUARDED_AVAILABILITY = YES_AGGRESSIVE;
				CLANG_WARN_UNREACHABLE_CODE = YES;
				CLANG_WARN__DUPLICATE_METHOD_MATCH = YES;
				COPY_PHASE_STRIP = NO;
				DEBUG_INFORMATION_FORMAT = dwarf;
				ENABLE_STRICT_OBJC_MSGSEND = YES;
				ENABLE_TESTABILITY = YES;
				GCC_C_LANGUAGE_STANDARD = gnu11;
				GCC_DYNAMIC_NO_PIC = NO;
				GCC_NO_COMMON_BLOCKS = YES;
				GCC_OPTIMIZATION_LEVEL = 0;
				GCC_PREPROCESSOR_DEFINITIONS = (
					"DEBUG=1",
					"$(inherited)",
				);
				GCC_WARN_64_TO_32_BIT_CONVERSION = YES;
				GCC_WARN_ABOUT_RETURN_TYPE = YES_ERROR;
				GCC_WARN_UNDECLARED_SELECTOR = YES;
				GCC_WARN_UNINITIALIZED_AUTOS = YES_AGGRESSIVE;
				GCC_WARN_UNUSED_FUNCTION = YES;
				GCC_WARN_UNUSED_VARIABLE = YES;
				IPHONEOS_DEPLOYMENT_TARGET = 13.0;
				MTL_ENABLE_DEBUG_INFO = INCLUDE_SOURCE;
				MTL_FAST_MATH = YES;
				ONLY_ACTIVE_ARCH = YES;
				SDKROOT = iphoneos;
				SWIFT_ACTIVE_COMPILATION_CONDITIONS = DEBUG;
				SWIFT_OPTIMIZATION_LEVEL = "-Onone";
			};
			name = Debug;
		};
		7DB0FBE029CDE9040082969F /* Release */ = {
			isa = XCBuildConfiguration;
			buildSettings = {
				ALWAYS_SEARCH_USER_PATHS = NO;
				CLANG_ANALYZER_NONNULL = YES;
				CLANG_ANALYZER_NUMBER_OBJECT_CONVERSION = YES_AGGRESSIVE;
				CLANG_CXX_LANGUAGE_STANDARD = "gnu++17";
				CLANG_CXX_LIBRARY = "libc++";
				CLANG_ENABLE_MODULES = YES;
				CLANG_ENABLE_OBJC_ARC = YES;
				CLANG_ENABLE_OBJC_WEAK = YES;
				CLANG_WARN_BLOCK_CAPTURE_AUTORELEASING = YES;
				CLANG_WARN_BOOL_CONVERSION = YES;
				CLANG_WARN_COMMA = YES;
				CLANG_WARN_CONSTANT_CONVERSION = YES;
				CLANG_WARN_DEPRECATED_OBJC_IMPLEMENTATIONS = YES;
				CLANG_WARN_DIRECT_OBJC_ISA_USAGE = YES_ERROR;
				CLANG_WARN_DOCUMENTATION_COMMENTS = YES;
				CLANG_WARN_EMPTY_BODY = YES;
				CLANG_WARN_ENUM_CONVERSION = YES;
				CLANG_WARN_INFINITE_RECURSION = YES;
				CLANG_WARN_INT_CONVERSION = YES;
				CLANG_WARN_NON_LITERAL_NULL_CONVERSION = YES;
				CLANG_WARN_OBJC_IMPLICIT_RETAIN_SELF = YES;
				CLANG_WARN_OBJC_LITERAL_CONVERSION = YES;
				CLANG_WARN_OBJC_ROOT_CLASS = YES_ERROR;
				CLANG_WARN_QUOTED_INCLUDE_IN_FRAMEWORK_HEADER = YES;
				CLANG_WARN_RANGE_LOOP_ANALYSIS = YES;
				CLANG_WARN_STRICT_PROTOTYPES = YES;
				CLANG_WARN_SUSPICIOUS_MOVE = YES;
				CLANG_WARN_UNGUARDED_AVAILABILITY = YES_AGGRESSIVE;
				CLANG_WARN_UNREACHABLE_CODE = YES;
				CLANG_WARN__DUPLICATE_METHOD_MATCH = YES;
				COPY_PHASE_STRIP = NO;
				DEBUG_INFORMATION_FORMAT = "dwarf-with-dsym";
				ENABLE_NS_ASSERTIONS = NO;
				ENABLE_STRICT_OBJC_MSGSEND = YES;
				GCC_C_LANGUAGE_STANDARD = gnu11;
				GCC_NO_COMMON_BLOCKS = YES;
				GCC_WARN_64_TO_32_BIT_CONVERSION = YES;
				GCC_WARN_ABOUT_RETURN_TYPE = YES_ERROR;
				GCC_WARN_UNDECLARED_SELECTOR = YES;
				GCC_WARN_UNINITIALIZED_AUTOS = YES_AGGRESSIVE;
				GCC_WARN_UNUSED_FUNCTION = YES;
				GCC_WARN_UNUSED_VARIABLE = YES;
				IPHONEOS_DEPLOYMENT_TARGET = 13.0;
				MTL_ENABLE_DEBUG_INFO = NO;
				MTL_FAST_MATH = YES;
				SDKROOT = iphoneos;
				SWIFT_COMPILATION_MODE = wholemodule;
				SWIFT_OPTIMIZATION_LEVEL = "-O";
				VALIDATE_PRODUCT = YES;
			};
			name = Release;
		};
		7DB0FBE229CDE9040082969F /* Debug */ = {
			isa = XCBuildConfiguration;
			buildSettings = {
				ASSETCATALOG_COMPILER_APPICON_NAME = AppIcon;
				ASSETCATALOG_COMPILER_GLOBAL_ACCENT_COLOR_NAME = AccentColor;
				CODE_SIGN_STYLE = Automatic;
				CURRENT_PROJECT_VERSION = 1;
				DEVELOPMENT_TEAM = 3CCWF8D47P;
				GENERATE_INFOPLIST_FILE = YES;
				INFOPLIST_FILE = UserListGitHub/Info.plist;
				INFOPLIST_KEY_UIApplicationSupportsIndirectInputEvents = YES;
				INFOPLIST_KEY_UILaunchStoryboardName = LaunchScreen;
				INFOPLIST_KEY_UISupportedInterfaceOrientations_iPad = "UIInterfaceOrientationPortrait UIInterfaceOrientationPortraitUpsideDown UIInterfaceOrientationLandscapeLeft UIInterfaceOrientationLandscapeRight";
				INFOPLIST_KEY_UISupportedInterfaceOrientations_iPhone = "UIInterfaceOrientationPortrait UIInterfaceOrientationLandscapeLeft UIInterfaceOrientationLandscapeRight";
				IPHONEOS_DEPLOYMENT_TARGET = 13.0;
				LD_RUNPATH_SEARCH_PATHS = (
					"$(inherited)",
					"@executable_path/Frameworks",
				);
				MARKETING_VERSION = 1.0;
				PRODUCT_BUNDLE_IDENTIFIER = com.Boy.UserListGitHub;
				PRODUCT_NAME = "$(TARGET_NAME)";
				SWIFT_EMIT_LOC_STRINGS = YES;
				SWIFT_VERSION = 5.0;
				TARGETED_DEVICE_FAMILY = "1,2";
			};
			name = Debug;
		};
		7DB0FBE329CDE9040082969F /* Release */ = {
			isa = XCBuildConfiguration;
			buildSettings = {
				ASSETCATALOG_COMPILER_APPICON_NAME = AppIcon;
				ASSETCATALOG_COMPILER_GLOBAL_ACCENT_COLOR_NAME = AccentColor;
				CODE_SIGN_STYLE = Automatic;
				CURRENT_PROJECT_VERSION = 1;
				DEVELOPMENT_TEAM = 3CCWF8D47P;
				GENERATE_INFOPLIST_FILE = YES;
				INFOPLIST_FILE = UserListGitHub/Info.plist;
				INFOPLIST_KEY_UIApplicationSupportsIndirectInputEvents = YES;
				INFOPLIST_KEY_UILaunchStoryboardName = LaunchScreen;
				INFOPLIST_KEY_UISupportedInterfaceOrientations_iPad = "UIInterfaceOrientationPortrait UIInterfaceOrientationPortraitUpsideDown UIInterfaceOrientationLandscapeLeft UIInterfaceOrientationLandscapeRight";
				INFOPLIST_KEY_UISupportedInterfaceOrientations_iPhone = "UIInterfaceOrientationPortrait UIInterfaceOrientationLandscapeLeft UIInterfaceOrientationLandscapeRight";
				IPHONEOS_DEPLOYMENT_TARGET = 13.0;
				LD_RUNPATH_SEARCH_PATHS = (
					"$(inherited)",
					"@executable_path/Frameworks",
				);
				MARKETING_VERSION = 1.0;
				PRODUCT_BUNDLE_IDENTIFIER = com.Boy.UserListGitHub;
				PRODUCT_NAME = "$(TARGET_NAME)";
				SWIFT_EMIT_LOC_STRINGS = YES;
				SWIFT_VERSION = 5.0;
				TARGETED_DEVICE_FAMILY = "1,2";
			};
			name = Release;
		};
/* End XCBuildConfiguration section */

/* Begin XCConfigurationList section */
		7D07463F29D2E54A009134B8 /* Build configuration list for PBXNativeTarget "UserListViewModelTests" */ = {
			isa = XCConfigurationList;
			buildConfigurations = (
				7D07464029D2E54A009134B8 /* Debug */,
				7D07464129D2E54A009134B8 /* Release */,
			);
			defaultConfigurationIsVisible = 0;
			defaultConfigurationName = Release;
		};
		7DB0FBC829CDE9010082969F /* Build configuration list for PBXProject "UserListGitHub" */ = {
			isa = XCConfigurationList;
			buildConfigurations = (
				7DB0FBDF29CDE9040082969F /* Debug */,
				7DB0FBE029CDE9040082969F /* Release */,
			);
			defaultConfigurationIsVisible = 0;
			defaultConfigurationName = Release;
		};
		7DB0FBE129CDE9040082969F /* Build configuration list for PBXNativeTarget "UserListGitHub" */ = {
			isa = XCConfigurationList;
			buildConfigurations = (
				7DB0FBE229CDE9040082969F /* Debug */,
				7DB0FBE329CDE9040082969F /* Release */,
			);
			defaultConfigurationIsVisible = 0;
			defaultConfigurationName = Release;
		};
/* End XCConfigurationList section */

/* Begin XCRemoteSwiftPackageReference section */
		7DB0FBEB29CE44030082969F /* XCRemoteSwiftPackageReference "SnapKit" */ = {
			isa = XCRemoteSwiftPackageReference;
			repositoryURL = "https://github.com/SnapKit/SnapKit.git";
			requirement = {
				kind = upToNextMajorVersion;
				minimumVersion = 5.0.0;
			};
		};
		7DB0FBF929CF177D0082969F /* XCRemoteSwiftPackageReference "Kingfisher" */ = {
			isa = XCRemoteSwiftPackageReference;
			repositoryURL = "https://github.com/onevcat/Kingfisher.git";
			requirement = {
				kind = upToNextMajorVersion;
				minimumVersion = 7.0.0;
			};
		};
/* End XCRemoteSwiftPackageReference section */

/* Begin XCSwiftPackageProductDependency section */
		7DB0FBEC29CE44030082969F /* SnapKit */ = {
			isa = XCSwiftPackageProductDependency;
			package = 7DB0FBEB29CE44030082969F /* XCRemoteSwiftPackageReference "SnapKit" */;
			productName = SnapKit;
		};
		7DB0FBFA29CF177D0082969F /* Kingfisher */ = {
			isa = XCSwiftPackageProductDependency;
			package = 7DB0FBF929CF177D0082969F /* XCRemoteSwiftPackageReference "Kingfisher" */;
			productName = Kingfisher;
		};
/* End XCSwiftPackageProductDependency section */
	};
	rootObject = 7DB0FBC529CDE9010082969F /* Project object */;
}
